
Microsoft Visual Studio Solution File, Format Version 12.00
# Visual Studio Version 17
VisualStudioVersion = 17.14.36310.24 d17.14
MinimumVisualStudioVersion = 10.0.40219.1
Project("{FAE04EC0-301F-11D3-BF4B-00C04F79EFBC}") = "TaskManagentHONB2", "TaskManagentHONB2\TaskManagentHONB2.csproj", "{B1E8C7EE-E34C-4D56-8984-EDCE0BE3AC11}"
EndProject
Project("{FAE04EC0-301F-11D3-BF4B-00C04F79EFBC}") = "DAL", "DAL\DAL.csproj", "{4DF1C1BA-3102-4A46-BCCE-E5C6DDF40699}"
EndProject
Global
	GlobalSection(SolutionConfigurationPlatforms) = preSolution
		Debug|Any CPU = Debug|Any CPU
		Release|Any CPU = Release|Any CPU
	EndGlobalSection
	GlobalSection(ProjectConfigurationPlatforms) = postSolution
		{B1E8C7EE-E34C-4D56-8984-EDCE0BE3AC11}.Debug|Any CPU.ActiveCfg = Debug|Any CPU
		{B1E8C7EE-E34C-4D56-8984-EDCE0BE3AC11}.Debug|Any CPU.Build.0 = Debug|Any CPU
		{B1E8C7EE-E34C-4D56-8984-EDCE0BE3AC11}.Release|Any CPU.ActiveCfg = Release|Any CPU
		{B1E8C7EE-E34C-4D56-8984-EDCE0BE3AC11}.Release|Any CPU.Build.0 = Release|Any CPU
		{4DF1C1BA-3102-4A46-BCCE-E5C6DDF40699}.Debug|Any CPU.ActiveCfg = Debug|Any CPU
		{4DF1C1BA-3102-4A46-BCCE-E5C6DDF40699}.Debug|Any CPU.Build.0 = Debug|Any CPU
		{4DF1C1BA-3102-4A46-BCCE-E5C6DDF40699}.Release|Any CPU.ActiveCfg = Release|Any CPU
		{4DF1C1BA-3102-4A46-BCCE-E5C6DDF40699}.Release|Any CPU.Build.0 = Release|Any CPU
	EndGlobalSection
	GlobalSection(SolutionProperties) = preSolution
		HideSolutionNode = FALSE
	EndGlobalSection
	GlobalSection(ExtensibilityGlobals) = postSolution
		SolutionGuid = {700A2871-733E-4267-9007-810B939B0C86}
	EndGlobalSection
EndGlobal
